{
  "name": "download",
  "version": "1.0.0",
  "lockfileVersion": 1,
  "requires": true,
  "dependencies": {
    "core-util-is": {
      "version": "1.0.2",
      "resolved": "http://npm.meitu-inc.com/core-util-is/-/core-util-is-1.0.2.tgz",
      "integrity": "sha1-tf1UIgqivFq1eqtxQMlAdUUDwac=",
      "dev": true
    },
    "dom-serializer": {
      "version": "0.1.0",
      "resolved": "http://npm.meitu-inc.com/dom-serializer/-/dom-serializer-0.1.0.tgz",
      "integrity": "sha1-BzxpdUbOB4DOI75KKOKT5AvDDII=",
      "dev": true,
      "requires": {
        "domelementtype": "1.1.3",
        "entities": "1.1.1"
      },
      "dependencies": {
        "domelementtype": {
          "version": "1.1.3",
          "resolved": "http://npm.meitu-inc.com/domelementtype/-/domelementtype-1.1.3.tgz",
          "integrity": "sha1-vSh3PiZCiBrsUVRJJCmcXNgiGFs=",
          "dev": true
        }
      }
    },
    "domelementtype": {
      "version": "1.3.0",
      "resolved": "http://npm.meitu-inc.com/domelementtype/-/domelementtype-1.3.0.tgz",
      "integrity": "sha1-sXrtguirWeUt2cGbF1bg/BhyBMI=",
      "dev": true
    },
    "domhandler": {
      "version": "2.4.2",
      "resolved": "http://npm.meitu-inc.com/domhandler/-/domhandler-2.4.2.tgz",
      "integrity": "sha1-iAUJfpM9ZehVRvcm1g9euItE+AM=",
      "dev": true,
      "requires": {
        "domelementtype": "1.3.0"
      }
    },
    "domutils": {
      "version": "1.7.0",
      "resolved": "http://npm.meitu-inc.com/domutils/-/domutils-1.7.0.tgz",
      "integrity": "sha1-Vuo0HoNOBuZ0ivehyyXaZ+qfjCo=",
      "dev": true,
      "requires": {
        "dom-serializer": "0.1.0",
        "domelementtype": "1.3.0"
      }
    },
    "entities": {
      "version": "1.1.1",
      "resolved": "http://npm.meitu-inc.com/entities/-/entities-1.1.1.tgz",
      "integrity": "sha1-blwtClYhtdra7O+AuQ7ftc13cvA=",
      "dev": true
    },
    "eslint-plugin-html": {
      "version": "4.0.5",
      "resolved": "http://npm.meitu-inc.com/eslint-plugin-html/-/eslint-plugin-html-4.0.5.tgz",
      "integrity": "sha1-6Ox+FkhRJEYPO/8xIBb+sKVNllk=",
      "dev": true,
      "requires": {
        "htmlparser2": "3.9.2"
      }
    },
    "file-saver": {
      "version": "1.3.8",
      "resolved": "http://npm.meitu-inc.com/file-saver/-/file-saver-1.3.8.tgz",
      "integrity": "sha1-5oowx8sETi+zYrQoRp/rKRwuCdg="
    },
    "htmlparser2": {
      "version": "3.9.2",
      "resolved": "http://npm.meitu-inc.com/htmlparser2/-/htmlparser2-3.9.2.tgz",
      "integrity": "sha1-G9+HrMoPP55T+k/M6w9LTLsAszg=",
      "dev": true,
      "requires": {
        "domelementtype": "1.3.0",
        "domhandler": "2.4.2",
        "domutils": "1.7.0",
        "entities": "1.1.1",
        "inherits": "2.0.3",
        "readable-stream": "2.3.6"
      }
    },
    "inherits": {
      "version": "2.0.3",
      "resolved": "http://npm.meitu-inc.com/inherits/-/inherits-2.0.3.tgz",
      "integrity": "sha1-Yzwsg+PaQqUC9SRmAiSA9CCCYd4=",
      "dev": true
    },
    "isarray": {
      "version": "1.0.0",
      "resolved": "http://npm.meitu-inc.com/isarray/-/isarray-1.0.0.tgz",
      "integrity": "sha1-u5NdSFgsuhaMBoNJV6VKPgcSTxE=",
      "dev": true
    },
    "mime": {
      "version": "2.3.1",
      "resolved": "http://npm.meitu-inc.com/mime/-/mime-2.3.1.tgz",
      "integrity": "sha1-sWIcVNY7l8R9PP5/chX31kUXw2k="
    },
    "process-nextick-args": {
      "version": "2.0.0",
      "resolved": "http://npm.meitu-inc.com/process-nextick-args/-/process-nextick-args-2.0.0.tgz",
      "integrity": "sha1-o31zL0JxtKsa0HDTVQjoKQeI/6o=",
      "dev": true
    },
    "readable-stream": {
      "version": "2.3.6",
      "resolved": "http://npm.meitu-inc.com/readable-stream/-/readable-stream-2.3.6.tgz",
      "integrity": "sha1-sRwn2IuP8fvgcGQ8+UsMea4bCq8=",
      "dev": true,
      "requires": {
        "core-util-is": "1.0.2",
        "inherits": "2.0.3",
        "isarray": "1.0.0",
        "process-nextick-args": "2.0.0",
        "safe-buffer": "5.1.2",
        "string_decoder": "1.1.1",
        "util-deprecate": "1.0.2"
      }
    },
    "safe-buffer": {
      "version": "5.1.2",
      "resolved": "http://npm.meitu-inc.com/safe-buffer/-/safe-buffer-5.1.2.tgz",
      "integrity": "sha1-mR7GnSluAxN0fVm9/St0XDX4go0=",
      "dev": true
    },
    "string_decoder": {
      "version": "1.1.1",
      "resolved": "http://npm.meitu-inc.com/string_decoder/-/string_decoder-1.1.1.tgz",
      "integrity": "sha1-nPFhG6YmhdcDCunkujQUnDrwP8g=",
      "dev": true,
      "requires": {
        "safe-buffer": "5.1.2"
      }
    },
    "util-deprecate": {
      "version": "1.0.2",
      "resolved": "http://npm.meitu-inc.com/util-deprecate/-/util-deprecate-1.0.2.tgz",
      "integrity": "sha1-RQ1Nyfpw3nMnYvvS1KKJgUGaDM8=",
      "dev": true
    }
  }
}
